
Microsoft Visual Studio Solution File, Format Version 12.00
# Visual Studio 2012
Project("{FAE04EC0-301F-11D3-BF4B-00C04F79EFBC}") = "01_Start", "01_Start\01_Start.csproj", "{7A2D4934-DE6E-4F78-9170-EE176F4769CD}"
EndProject
Global
	GlobalSection(SolutionConfigurationPlatforms) = preSolution
		Debug|Any CPU = Debug|Any CPU
		Release|Any CPU = Release|Any CPU
	EndGlobalSection
	GlobalSection(ProjectConfigurationPlatforms) = postSolution
		{7A2D4934-DE6E-4F78-9170-EE176F4769CD}.Debug|Any CPU.ActiveCfg = Debug|Any CPU
		{7A2D4934-DE6E-4F78-9170-EE176F4769CD}.Debug|Any CPU.Build.0 = Debug|Any CPU
		{7A2D4934-DE6E-4F78-9170-EE176F4769CD}.Release|Any CPU.ActiveCfg = Release|Any CPU
		{7A2D4934-DE6E-4F78-9170-EE176F4769CD}.Release|Any CPU.Build.0 = Release|Any CPU
	EndGlobalSection
	GlobalSection(SolutionProperties) = preSolution
		HideSolutionNode = FALSE
	EndGlobalSection
EndGlobal
