
Microsoft Visual Studio Solution File, Format Version 12.00
# Visual Studio 2012
Project("{FAE04EC0-301F-11D3-BF4B-00C04F79EFBC}") = "01_Start", "01_Start\01_Start.csproj", "{7A2D4934-DE6E-4F78-9170-EE176F4769CD}"
EndProject
Project("{FAE04EC0-301F-11D3-BF4B-00C04F79EFBC}") = "02_ViewFirst", "..\02_ViewFirst\02_ViewFirst.csproj", "{927985B1-9390-4270-8852-26413946D557}"
EndProject
Project("{FAE04EC0-301F-11D3-BF4B-00C04F79EFBC}") = "03_ExplicitAction", "..\03_ExplicitAction\03_ExplicitAction.csproj", "{22700275-AF74-45FC-B476-9603C1E5D75F}"
EndProject
Project("{FAE04EC0-301F-11D3-BF4B-00C04F79EFBC}") = "04_Parameters", "..\04_Parameters\04_Parameters.csproj", "{AB7712FD-65FA-41B1-9B1C-0A2808B33695}"
EndProject
Project("{FAE04EC0-301F-11D3-BF4B-00C04F79EFBC}") = "05_EventAggregator", "..\05_EventAggregator\05_EventAggregator.csproj", "{60EDBE7D-51B1-461B-AADB-85DE67EA2FE3}"
EndProject
Global
	GlobalSection(SolutionConfigurationPlatforms) = preSolution
		Debug|Any CPU = Debug|Any CPU
		Release|Any CPU = Release|Any CPU
	EndGlobalSection
	GlobalSection(ProjectConfigurationPlatforms) = postSolution
		{7A2D4934-DE6E-4F78-9170-EE176F4769CD}.Debug|Any CPU.ActiveCfg = Debug|Any CPU
		{7A2D4934-DE6E-4F78-9170-EE176F4769CD}.Debug|Any CPU.Build.0 = Debug|Any CPU
		{7A2D4934-DE6E-4F78-9170-EE176F4769CD}.Release|Any CPU.ActiveCfg = Release|Any CPU
		{7A2D4934-DE6E-4F78-9170-EE176F4769CD}.Release|Any CPU.Build.0 = Release|Any CPU
		{927985B1-9390-4270-8852-26413946D557}.Debug|Any CPU.ActiveCfg = Debug|Any CPU
		{927985B1-9390-4270-8852-26413946D557}.Debug|Any CPU.Build.0 = Debug|Any CPU
		{927985B1-9390-4270-8852-26413946D557}.Release|Any CPU.ActiveCfg = Release|Any CPU
		{927985B1-9390-4270-8852-26413946D557}.Release|Any CPU.Build.0 = Release|Any CPU
		{22700275-AF74-45FC-B476-9603C1E5D75F}.Debug|Any CPU.ActiveCfg = Debug|Any CPU
		{22700275-AF74-45FC-B476-9603C1E5D75F}.Debug|Any CPU.Build.0 = Debug|Any CPU
		{22700275-AF74-45FC-B476-9603C1E5D75F}.Release|Any CPU.ActiveCfg = Release|Any CPU
		{22700275-AF74-45FC-B476-9603C1E5D75F}.Release|Any CPU.Build.0 = Release|Any CPU
		{AB7712FD-65FA-41B1-9B1C-0A2808B33695}.Debug|Any CPU.ActiveCfg = Debug|Any CPU
		{AB7712FD-65FA-41B1-9B1C-0A2808B33695}.Debug|Any CPU.Build.0 = Debug|Any CPU
		{AB7712FD-65FA-41B1-9B1C-0A2808B33695}.Release|Any CPU.ActiveCfg = Release|Any CPU
		{AB7712FD-65FA-41B1-9B1C-0A2808B33695}.Release|Any CPU.Build.0 = Release|Any CPU
		{60EDBE7D-51B1-461B-AADB-85DE67EA2FE3}.Debug|Any CPU.ActiveCfg = Debug|Any CPU
		{60EDBE7D-51B1-461B-AADB-85DE67EA2FE3}.Debug|Any CPU.Build.0 = Debug|Any CPU
		{60EDBE7D-51B1-461B-AADB-85DE67EA2FE3}.Release|Any CPU.ActiveCfg = Release|Any CPU
		{60EDBE7D-51B1-461B-AADB-85DE67EA2FE3}.Release|Any CPU.Build.0 = Release|Any CPU
	EndGlobalSection
	GlobalSection(SolutionProperties) = preSolution
		HideSolutionNode = FALSE
	EndGlobalSection
EndGlobal
