
Microsoft Visual Studio Solution File, Format Version 12.00
# Visual Studio 2012
Project("{FAE04EC0-301F-11D3-BF4B-00C04F79EFBC}") = "BackOffice", "BackOffice\BackOffice.csproj", "{B15B363E-22DA-4A8B-80DA-1BDEB7F3CED2}"
EndProject
Global
	GlobalSection(SolutionConfigurationPlatforms) = preSolution
		Debug|Any CPU = Debug|Any CPU
		Release|Any CPU = Release|Any CPU
	EndGlobalSection
	GlobalSection(ProjectConfigurationPlatforms) = postSolution
		{B15B363E-22DA-4A8B-80DA-1BDEB7F3CED2}.Debug|Any CPU.ActiveCfg = Debug|Any CPU
		{B15B363E-22DA-4A8B-80DA-1BDEB7F3CED2}.Debug|Any CPU.Build.0 = Debug|Any CPU
		{B15B363E-22DA-4A8B-80DA-1BDEB7F3CED2}.Release|Any CPU.ActiveCfg = Release|Any CPU
		{B15B363E-22DA-4A8B-80DA-1BDEB7F3CED2}.Release|Any CPU.Build.0 = Release|Any CPU
	EndGlobalSection
	GlobalSection(SolutionProperties) = preSolution
		HideSolutionNode = FALSE
	EndGlobalSection
	GlobalSection(ExtensibilityGlobals) = postSolution
		EnterpriseLibraryConfigurationToolBinariesPath = packages\Unity.2.1.505.2\lib\NET35
	EndGlobalSection
EndGlobal
