
Microsoft Visual Studio Solution File, Format Version 12.00
# Visual Studio 2013
VisualStudioVersion = 12.0.30723.0
MinimumVisualStudioVersion = 10.0.40219.1
Project("{FAE04EC0-301F-11D3-BF4B-00C04F79EFBC}") = "WpfAuthentication", "WpfAuthentication\WpfAuthentication.csproj", "{DF5D2133-4760-44C6-9397-B80B713565DD}"
EndProject
Global
	GlobalSection(SolutionConfigurationPlatforms) = preSolution
		Debug|Any CPU = Debug|Any CPU
		Release|Any CPU = Release|Any CPU
	EndGlobalSection
	GlobalSection(ProjectConfigurationPlatforms) = postSolution
		{DF5D2133-4760-44C6-9397-B80B713565DD}.Debug|Any CPU.ActiveCfg = Debug|Any CPU
		{DF5D2133-4760-44C6-9397-B80B713565DD}.Debug|Any CPU.Build.0 = Debug|Any CPU
		{DF5D2133-4760-44C6-9397-B80B713565DD}.Release|Any CPU.ActiveCfg = Release|Any CPU
		{DF5D2133-4760-44C6-9397-B80B713565DD}.Release|Any CPU.Build.0 = Release|Any CPU
	EndGlobalSection
	GlobalSection(SolutionProperties) = preSolution
		HideSolutionNode = FALSE
	EndGlobalSection
EndGlobal
