
Microsoft Visual Studio Solution File, Format Version 12.00
# Visual Studio 2012
Project("{FAE04EC0-301F-11D3-BF4B-00C04F79EFBC}") = "FirstTry", "FirstTry\FirstTry.csproj", "{CC21895A-F6A1-4BAB-9AEB-F49BC7C108FD}"
EndProject
Global
	GlobalSection(SolutionConfigurationPlatforms) = preSolution
		Debug|Any CPU = Debug|Any CPU
		Release|Any CPU = Release|Any CPU
	EndGlobalSection
	GlobalSection(ProjectConfigurationPlatforms) = postSolution
		{CC21895A-F6A1-4BAB-9AEB-F49BC7C108FD}.Debug|Any CPU.ActiveCfg = Debug|Any CPU
		{CC21895A-F6A1-4BAB-9AEB-F49BC7C108FD}.Debug|Any CPU.Build.0 = Debug|Any CPU
		{CC21895A-F6A1-4BAB-9AEB-F49BC7C108FD}.Release|Any CPU.ActiveCfg = Release|Any CPU
		{CC21895A-F6A1-4BAB-9AEB-F49BC7C108FD}.Release|Any CPU.Build.0 = Release|Any CPU
	EndGlobalSection
	GlobalSection(SolutionProperties) = preSolution
		HideSolutionNode = FALSE
	EndGlobalSection
EndGlobal
