
Microsoft Visual Studio Solution File, Format Version 12.00
# Visual Studio 2012
Project("{FAE04EC0-301F-11D3-BF4B-00C04F79EFBC}") = "Tutorial", "Tutorial\Tutorial.csproj", "{0A1E3BB5-8774-45B0-8C3E-5E40E06E57E5}"
EndProject
Global
	GlobalSection(SolutionConfigurationPlatforms) = preSolution
		Debug|Any CPU = Debug|Any CPU
		Release|Any CPU = Release|Any CPU
	EndGlobalSection
	GlobalSection(ProjectConfigurationPlatforms) = postSolution
		{0A1E3BB5-8774-45B0-8C3E-5E40E06E57E5}.Debug|Any CPU.ActiveCfg = Debug|Any CPU
		{0A1E3BB5-8774-45B0-8C3E-5E40E06E57E5}.Debug|Any CPU.Build.0 = Debug|Any CPU
		{0A1E3BB5-8774-45B0-8C3E-5E40E06E57E5}.Release|Any CPU.ActiveCfg = Release|Any CPU
		{0A1E3BB5-8774-45B0-8C3E-5E40E06E57E5}.Release|Any CPU.Build.0 = Release|Any CPU
	EndGlobalSection
	GlobalSection(SolutionProperties) = preSolution
		HideSolutionNode = FALSE
	EndGlobalSection
EndGlobal
