
Microsoft Visual Studio Solution File, Format Version 12.00
# Visual Studio 2012
Project("{FAE04EC0-301F-11D3-BF4B-00C04F79EFBC}") = "ViewSwitchingNavigation", "ViewSwitchingNavigation\ViewSwitchingNavigation.csproj", "{3BDDB9D4-C78B-4157-90C7-1B3CAE8FCCBB}"
EndProject
Project("{FAE04EC0-301F-11D3-BF4B-00C04F79EFBC}") = "ViewSwitchingNavigation.Email", "ViewSwitchingNavigation.Email\ViewSwitchingNavigation.Email.csproj", "{FCE85BC9-1F4F-481D-94CB-272234A46A27}"
EndProject
Project("{FAE04EC0-301F-11D3-BF4B-00C04F79EFBC}") = "ViewSwitchingNavigation.Infrastructure", "ViewSwitchingNavigation.Infrastructure\ViewSwitchingNavigation.Infrastructure.csproj", "{1D550275-838B-4314-8CD7-88A030404724}"
EndProject
Project("{FAE04EC0-301F-11D3-BF4B-00C04F79EFBC}") = "ViewSwitchingNavigation.InfoTip", "ViewSwitchingNavigation.InfoTip\ViewSwitchingNavigation.InfoTip.csproj", "{DACD60C7-08B2-485A-9925-F00269EDC532}"
EndProject
Global
	GlobalSection(SolutionConfigurationPlatforms) = preSolution
		Debug|Any CPU = Debug|Any CPU
		Release|Any CPU = Release|Any CPU
	EndGlobalSection
	GlobalSection(ProjectConfigurationPlatforms) = postSolution
		{3BDDB9D4-C78B-4157-90C7-1B3CAE8FCCBB}.Debug|Any CPU.ActiveCfg = Debug|Any CPU
		{3BDDB9D4-C78B-4157-90C7-1B3CAE8FCCBB}.Debug|Any CPU.Build.0 = Debug|Any CPU
		{3BDDB9D4-C78B-4157-90C7-1B3CAE8FCCBB}.Release|Any CPU.ActiveCfg = Release|Any CPU
		{3BDDB9D4-C78B-4157-90C7-1B3CAE8FCCBB}.Release|Any CPU.Build.0 = Release|Any CPU
		{FCE85BC9-1F4F-481D-94CB-272234A46A27}.Debug|Any CPU.ActiveCfg = Debug|Any CPU
		{FCE85BC9-1F4F-481D-94CB-272234A46A27}.Debug|Any CPU.Build.0 = Debug|Any CPU
		{FCE85BC9-1F4F-481D-94CB-272234A46A27}.Release|Any CPU.ActiveCfg = Release|Any CPU
		{FCE85BC9-1F4F-481D-94CB-272234A46A27}.Release|Any CPU.Build.0 = Release|Any CPU
		{1D550275-838B-4314-8CD7-88A030404724}.Debug|Any CPU.ActiveCfg = Debug|Any CPU
		{1D550275-838B-4314-8CD7-88A030404724}.Debug|Any CPU.Build.0 = Debug|Any CPU
		{1D550275-838B-4314-8CD7-88A030404724}.Release|Any CPU.ActiveCfg = Release|Any CPU
		{1D550275-838B-4314-8CD7-88A030404724}.Release|Any CPU.Build.0 = Release|Any CPU
		{DACD60C7-08B2-485A-9925-F00269EDC532}.Debug|Any CPU.ActiveCfg = Debug|Any CPU
		{DACD60C7-08B2-485A-9925-F00269EDC532}.Debug|Any CPU.Build.0 = Debug|Any CPU
		{DACD60C7-08B2-485A-9925-F00269EDC532}.Release|Any CPU.ActiveCfg = Release|Any CPU
		{DACD60C7-08B2-485A-9925-F00269EDC532}.Release|Any CPU.Build.0 = Release|Any CPU
	EndGlobalSection
	GlobalSection(SolutionProperties) = preSolution
		HideSolutionNode = FALSE
	EndGlobalSection
	GlobalSection(ExtensibilityGlobals) = postSolution
		EnterpriseLibraryConfigurationToolBinariesPath = packages\Unity.2.1.505.2\lib\NET35
	EndGlobalSection
EndGlobal
