
Microsoft Visual Studio Solution File, Format Version 12.00
# Visual Studio 2012
Project("{FAE04EC0-301F-11D3-BF4B-00C04F79EFBC}") = "BackOffice", "BackOffice\BackOffice.csproj", "{B15B363E-22DA-4A8B-80DA-1BDEB7F3CED2}"
EndProject
Project("{FAE04EC0-301F-11D3-BF4B-00C04F79EFBC}") = "Common.Prism", "Common.Prism\Common.Prism.csproj", "{DAF28095-0D7E-4544-BA13-4719D839D03D}"
EndProject
Project("{FAE04EC0-301F-11D3-BF4B-00C04F79EFBC}") = "Common", "Common\Common.csproj", "{0FC041D9-FF8A-4177-8E54-67DDEDEF25AD}"
EndProject
Project("{FAE04EC0-301F-11D3-BF4B-00C04F79EFBC}") = "BackOffice.Theme", "BackOffice.Theme\BackOffice.Theme.csproj", "{230A0AAD-DD39-4D83-92C8-EEE9FB546417}"
EndProject
Project("{FAE04EC0-301F-11D3-BF4B-00C04F79EFBC}") = "BackOffice.Core", "BackOffice.Core\BackOffice.Core.csproj", "{CFC26392-DF5F-4A9E-92DC-F109BEE1A32C}"
EndProject
Project("{FAE04EC0-301F-11D3-BF4B-00C04F79EFBC}") = "BackOffice.Common", "BackOffice.Common\BackOffice.Common.csproj", "{0C130849-A0F9-4974-B044-78E5E4DAE78D}"
EndProject
Project("{FAE04EC0-301F-11D3-BF4B-00C04F79EFBC}") = "Domain.Common", "Domain.Common\Domain.Common.csproj", "{B0DF0642-43E5-4608-A1C2-87A7092477FF}"
EndProject
Project("{FAE04EC0-301F-11D3-BF4B-00C04F79EFBC}") = "Domain.Common.Specs", "Domain.Common.Specs\Domain.Common.Specs.csproj", "{396853D5-744E-4C13-BB4F-1E53E2FEF7E5}"
EndProject
Project("{FAE04EC0-301F-11D3-BF4B-00C04F79EFBC}") = "Domain.Ums.Resources", "Domain.Ums.Resources\Domain.Ums.Resources.csproj", "{7FA5C408-4836-42E1-BC09-1E27C38EA10F}"
EndProject
Project("{FAE04EC0-301F-11D3-BF4B-00C04F79EFBC}") = "BackOffice.Module.Ums", "BackOffice.Module.Ums\BackOffice.Module.Ums.csproj", "{2F2E8016-8C0E-43A1-8CB4-4B865592503C}"
EndProject
Project("{FAE04EC0-301F-11D3-BF4B-00C04F79EFBC}") = "Domain.Ums.Model", "Domain.Ums.Model\Domain.Ums.Model.csproj", "{BFAF0FB8-E823-4BB8-B8EA-F774D5742FEB}"
EndProject
Project("{FAE04EC0-301F-11D3-BF4B-00C04F79EFBC}") = "Domain.Pms.Resources", "Domain.Pms.Resources\Domain.Pms.Resources.csproj", "{5FC58738-5F1D-428C-93B6-999199E68153}"
EndProject
Project("{FAE04EC0-301F-11D3-BF4B-00C04F79EFBC}") = "Domain.Pms.Model", "Domain.Pms.Model\Domain.Pms.Model.csproj", "{43B0AF8E-ED61-4D64-B227-83CF3F9A0ABA}"
EndProject
Project("{FAE04EC0-301F-11D3-BF4B-00C04F79EFBC}") = "BackOffice.Module.Pms", "BackOffice.Module.Pms\BackOffice.Module.Pms.csproj", "{BA20425B-44AD-40CD-B98A-38A801F26196}"
EndProject
Project("{FAE04EC0-301F-11D3-BF4B-00C04F79EFBC}") = "Domain.Ums.Hibernate", "Domain.Ums.Hibernate\Domain.Ums.Hibernate.csproj", "{11C6F596-A4B7-49A7-8CCA-B5B2091ACD40}"
EndProject
Project("{FAE04EC0-301F-11D3-BF4B-00C04F79EFBC}") = "Domain.Ums.Hibernate.Specs", "Domain.Ums.Hibernate.Specs\Domain.Ums.Hibernate.Specs.csproj", "{36081386-6E2C-4CC0-854C-C2070CC6C9B7}"
EndProject
Project("{FAE04EC0-301F-11D3-BF4B-00C04F79EFBC}") = "Hibernate.Specs", "Hibernate.Specs\Hibernate.Specs.csproj", "{6D1F4D87-8773-4F78-9917-48557280C026}"
EndProject
Project("{FAE04EC0-301F-11D3-BF4B-00C04F79EFBC}") = "Hibernate.Specs.Common", "Hibernate.Specs.Common\Hibernate.Specs.Common.csproj", "{1149316A-92EF-477F-9207-2338F0E6F989}"
EndProject
Project("{FAE04EC0-301F-11D3-BF4B-00C04F79EFBC}") = "Common.Persistence", "Common.Persistence\Common.Persistence.csproj", "{14FDBDEF-281A-4CB0-986D-E826145F3839}"
EndProject
Project("{FAE04EC0-301F-11D3-BF4B-00C04F79EFBC}") = "Common.Persistence.Specs", "Common.Persistence.Specs\Common.Persistence.Specs.csproj", "{F395CAFC-ACB5-496F-B903-07E8E5FF5C60}"
EndProject
Global
	GlobalSection(SolutionConfigurationPlatforms) = preSolution
		Debug|Any CPU = Debug|Any CPU
		Release|Any CPU = Release|Any CPU
	EndGlobalSection
	GlobalSection(ProjectConfigurationPlatforms) = postSolution
		{B15B363E-22DA-4A8B-80DA-1BDEB7F3CED2}.Debug|Any CPU.ActiveCfg = Debug|Any CPU
		{B15B363E-22DA-4A8B-80DA-1BDEB7F3CED2}.Debug|Any CPU.Build.0 = Debug|Any CPU
		{B15B363E-22DA-4A8B-80DA-1BDEB7F3CED2}.Release|Any CPU.ActiveCfg = Release|Any CPU
		{B15B363E-22DA-4A8B-80DA-1BDEB7F3CED2}.Release|Any CPU.Build.0 = Release|Any CPU
		{DAF28095-0D7E-4544-BA13-4719D839D03D}.Debug|Any CPU.ActiveCfg = Debug|Any CPU
		{DAF28095-0D7E-4544-BA13-4719D839D03D}.Debug|Any CPU.Build.0 = Debug|Any CPU
		{DAF28095-0D7E-4544-BA13-4719D839D03D}.Release|Any CPU.ActiveCfg = Release|Any CPU
		{DAF28095-0D7E-4544-BA13-4719D839D03D}.Release|Any CPU.Build.0 = Release|Any CPU
		{0FC041D9-FF8A-4177-8E54-67DDEDEF25AD}.Debug|Any CPU.ActiveCfg = Debug|Any CPU
		{0FC041D9-FF8A-4177-8E54-67DDEDEF25AD}.Debug|Any CPU.Build.0 = Debug|Any CPU
		{0FC041D9-FF8A-4177-8E54-67DDEDEF25AD}.Release|Any CPU.ActiveCfg = Release|Any CPU
		{0FC041D9-FF8A-4177-8E54-67DDEDEF25AD}.Release|Any CPU.Build.0 = Release|Any CPU
		{230A0AAD-DD39-4D83-92C8-EEE9FB546417}.Debug|Any CPU.ActiveCfg = Debug|Any CPU
		{230A0AAD-DD39-4D83-92C8-EEE9FB546417}.Debug|Any CPU.Build.0 = Debug|Any CPU
		{230A0AAD-DD39-4D83-92C8-EEE9FB546417}.Release|Any CPU.ActiveCfg = Release|Any CPU
		{230A0AAD-DD39-4D83-92C8-EEE9FB546417}.Release|Any CPU.Build.0 = Release|Any CPU
		{CFC26392-DF5F-4A9E-92DC-F109BEE1A32C}.Debug|Any CPU.ActiveCfg = Debug|Any CPU
		{CFC26392-DF5F-4A9E-92DC-F109BEE1A32C}.Debug|Any CPU.Build.0 = Debug|Any CPU
		{CFC26392-DF5F-4A9E-92DC-F109BEE1A32C}.Release|Any CPU.ActiveCfg = Release|Any CPU
		{CFC26392-DF5F-4A9E-92DC-F109BEE1A32C}.Release|Any CPU.Build.0 = Release|Any CPU
		{0C130849-A0F9-4974-B044-78E5E4DAE78D}.Debug|Any CPU.ActiveCfg = Debug|Any CPU
		{0C130849-A0F9-4974-B044-78E5E4DAE78D}.Debug|Any CPU.Build.0 = Debug|Any CPU
		{0C130849-A0F9-4974-B044-78E5E4DAE78D}.Release|Any CPU.ActiveCfg = Release|Any CPU
		{0C130849-A0F9-4974-B044-78E5E4DAE78D}.Release|Any CPU.Build.0 = Release|Any CPU
		{B0DF0642-43E5-4608-A1C2-87A7092477FF}.Debug|Any CPU.ActiveCfg = Debug|Any CPU
		{B0DF0642-43E5-4608-A1C2-87A7092477FF}.Debug|Any CPU.Build.0 = Debug|Any CPU
		{B0DF0642-43E5-4608-A1C2-87A7092477FF}.Release|Any CPU.ActiveCfg = Release|Any CPU
		{B0DF0642-43E5-4608-A1C2-87A7092477FF}.Release|Any CPU.Build.0 = Release|Any CPU
		{396853D5-744E-4C13-BB4F-1E53E2FEF7E5}.Debug|Any CPU.ActiveCfg = Debug|Any CPU
		{396853D5-744E-4C13-BB4F-1E53E2FEF7E5}.Debug|Any CPU.Build.0 = Debug|Any CPU
		{396853D5-744E-4C13-BB4F-1E53E2FEF7E5}.Release|Any CPU.ActiveCfg = Release|Any CPU
		{396853D5-744E-4C13-BB4F-1E53E2FEF7E5}.Release|Any CPU.Build.0 = Release|Any CPU
		{7FA5C408-4836-42E1-BC09-1E27C38EA10F}.Debug|Any CPU.ActiveCfg = Debug|Any CPU
		{7FA5C408-4836-42E1-BC09-1E27C38EA10F}.Debug|Any CPU.Build.0 = Debug|Any CPU
		{7FA5C408-4836-42E1-BC09-1E27C38EA10F}.Release|Any CPU.ActiveCfg = Release|Any CPU
		{7FA5C408-4836-42E1-BC09-1E27C38EA10F}.Release|Any CPU.Build.0 = Release|Any CPU
		{2F2E8016-8C0E-43A1-8CB4-4B865592503C}.Debug|Any CPU.ActiveCfg = Debug|Any CPU
		{2F2E8016-8C0E-43A1-8CB4-4B865592503C}.Debug|Any CPU.Build.0 = Debug|Any CPU
		{2F2E8016-8C0E-43A1-8CB4-4B865592503C}.Release|Any CPU.ActiveCfg = Release|Any CPU
		{2F2E8016-8C0E-43A1-8CB4-4B865592503C}.Release|Any CPU.Build.0 = Release|Any CPU
		{BFAF0FB8-E823-4BB8-B8EA-F774D5742FEB}.Debug|Any CPU.ActiveCfg = Debug|Any CPU
		{BFAF0FB8-E823-4BB8-B8EA-F774D5742FEB}.Debug|Any CPU.Build.0 = Debug|Any CPU
		{BFAF0FB8-E823-4BB8-B8EA-F774D5742FEB}.Release|Any CPU.ActiveCfg = Release|Any CPU
		{BFAF0FB8-E823-4BB8-B8EA-F774D5742FEB}.Release|Any CPU.Build.0 = Release|Any CPU
		{5FC58738-5F1D-428C-93B6-999199E68153}.Debug|Any CPU.ActiveCfg = Debug|Any CPU
		{5FC58738-5F1D-428C-93B6-999199E68153}.Debug|Any CPU.Build.0 = Debug|Any CPU
		{5FC58738-5F1D-428C-93B6-999199E68153}.Release|Any CPU.ActiveCfg = Release|Any CPU
		{5FC58738-5F1D-428C-93B6-999199E68153}.Release|Any CPU.Build.0 = Release|Any CPU
		{43B0AF8E-ED61-4D64-B227-83CF3F9A0ABA}.Debug|Any CPU.ActiveCfg = Debug|Any CPU
		{43B0AF8E-ED61-4D64-B227-83CF3F9A0ABA}.Debug|Any CPU.Build.0 = Debug|Any CPU
		{43B0AF8E-ED61-4D64-B227-83CF3F9A0ABA}.Release|Any CPU.ActiveCfg = Release|Any CPU
		{43B0AF8E-ED61-4D64-B227-83CF3F9A0ABA}.Release|Any CPU.Build.0 = Release|Any CPU
		{BA20425B-44AD-40CD-B98A-38A801F26196}.Debug|Any CPU.ActiveCfg = Debug|Any CPU
		{BA20425B-44AD-40CD-B98A-38A801F26196}.Debug|Any CPU.Build.0 = Debug|Any CPU
		{BA20425B-44AD-40CD-B98A-38A801F26196}.Release|Any CPU.ActiveCfg = Release|Any CPU
		{BA20425B-44AD-40CD-B98A-38A801F26196}.Release|Any CPU.Build.0 = Release|Any CPU
		{11C6F596-A4B7-49A7-8CCA-B5B2091ACD40}.Debug|Any CPU.ActiveCfg = Debug|Any CPU
		{11C6F596-A4B7-49A7-8CCA-B5B2091ACD40}.Debug|Any CPU.Build.0 = Debug|Any CPU
		{11C6F596-A4B7-49A7-8CCA-B5B2091ACD40}.Release|Any CPU.ActiveCfg = Release|Any CPU
		{11C6F596-A4B7-49A7-8CCA-B5B2091ACD40}.Release|Any CPU.Build.0 = Release|Any CPU
		{36081386-6E2C-4CC0-854C-C2070CC6C9B7}.Debug|Any CPU.ActiveCfg = Debug|Any CPU
		{36081386-6E2C-4CC0-854C-C2070CC6C9B7}.Debug|Any CPU.Build.0 = Debug|Any CPU
		{36081386-6E2C-4CC0-854C-C2070CC6C9B7}.Release|Any CPU.ActiveCfg = Release|Any CPU
		{36081386-6E2C-4CC0-854C-C2070CC6C9B7}.Release|Any CPU.Build.0 = Release|Any CPU
		{6D1F4D87-8773-4F78-9917-48557280C026}.Debug|Any CPU.ActiveCfg = Debug|Any CPU
		{6D1F4D87-8773-4F78-9917-48557280C026}.Debug|Any CPU.Build.0 = Debug|Any CPU
		{6D1F4D87-8773-4F78-9917-48557280C026}.Release|Any CPU.ActiveCfg = Release|Any CPU
		{6D1F4D87-8773-4F78-9917-48557280C026}.Release|Any CPU.Build.0 = Release|Any CPU
		{1149316A-92EF-477F-9207-2338F0E6F989}.Debug|Any CPU.ActiveCfg = Debug|Any CPU
		{1149316A-92EF-477F-9207-2338F0E6F989}.Debug|Any CPU.Build.0 = Debug|Any CPU
		{1149316A-92EF-477F-9207-2338F0E6F989}.Release|Any CPU.ActiveCfg = Release|Any CPU
		{1149316A-92EF-477F-9207-2338F0E6F989}.Release|Any CPU.Build.0 = Release|Any CPU
		{14FDBDEF-281A-4CB0-986D-E826145F3839}.Debug|Any CPU.ActiveCfg = Debug|Any CPU
		{14FDBDEF-281A-4CB0-986D-E826145F3839}.Debug|Any CPU.Build.0 = Debug|Any CPU
		{14FDBDEF-281A-4CB0-986D-E826145F3839}.Release|Any CPU.ActiveCfg = Release|Any CPU
		{14FDBDEF-281A-4CB0-986D-E826145F3839}.Release|Any CPU.Build.0 = Release|Any CPU
		{F395CAFC-ACB5-496F-B903-07E8E5FF5C60}.Debug|Any CPU.ActiveCfg = Debug|Any CPU
		{F395CAFC-ACB5-496F-B903-07E8E5FF5C60}.Debug|Any CPU.Build.0 = Debug|Any CPU
		{F395CAFC-ACB5-496F-B903-07E8E5FF5C60}.Release|Any CPU.ActiveCfg = Release|Any CPU
		{F395CAFC-ACB5-496F-B903-07E8E5FF5C60}.Release|Any CPU.Build.0 = Release|Any CPU
	EndGlobalSection
	GlobalSection(SolutionProperties) = preSolution
		HideSolutionNode = FALSE
	EndGlobalSection
	GlobalSection(ExtensibilityGlobals) = postSolution
		EnterpriseLibraryConfigurationToolBinariesPath = packages\Unity.2.1.505.2\lib\NET35
	EndGlobalSection
EndGlobal
